
Microsoft Visual Studio Solution File, Format Version 12.00
# Visual Studio Version 17
Project("{2150E333-8FDC-42A3-9474-1A3956D46DE8}") = "CAN", "CAN", "{0850EE92-1B72-3AE5-B13C-EC56A1D89749}"
EndProject
Project("{2150E333-8FDC-42A3-9474-1A3956D46DE8}") = "CMakePredefinedTargets", "CMakePredefinedTargets", "{CABBB8AD-FF62-3A40-BBF8-42C9D15B1727}"
EndProject
Project("{2150E333-8FDC-42A3-9474-1A3956D46DE8}") = "DMM", "DMM", "{D804364E-E6B1-3ADA-B1E2-49D9B74199B2}"
EndProject
Project("{2150E333-8FDC-42A3-9474-1A3956D46DE8}") = "PSU", "PSU", "{C8591226-D046-35C7-9D8C-110A952384F5}"
EndProject
Project("{8BC9CEB8-8B4A-11D0-8D11-00A0C91BC942}") = "ALL_BUILD", ".build\vs2022\ALL_BUILD.vcxproj", "{1A3764F9-FBFF-39A6-84D0-F6A1484C1DEB}"
	ProjectSection(ProjectDependencies) = postProject
		{8B0CAC87-9E4C-383A-AA90-74651740A4B2} = {8B0CAC87-9E4C-383A-AA90-74651740A4B2}
		{3F81CD6E-A03D-307F-951B-7476CF6697FF} = {3F81CD6E-A03D-307F-951B-7476CF6697FF}
		{EB0B0B39-71A2-37E4-A230-07F7075B2272} = {EB0B0B39-71A2-37E4-A230-07F7075B2272}
		{F8465836-34B5-3FAC-9E5D-62CA16FDBFA0} = {F8465836-34B5-3FAC-9E5D-62CA16FDBFA0}
		{DE000524-0328-37E9-B006-A2A1A7FA10DF} = {DE000524-0328-37E9-B006-A2A1A7FA10DF}
		{D2E8C1C1-1B2C-3054-ADA3-EE647150369D} = {D2E8C1C1-1B2C-3054-ADA3-EE647150369D}
	EndProjectSection
EndProject
Project("{8BC9CEB8-8B4A-11D0-8D11-00A0C91BC942}") = "PicoATE_CAN_CX", ".build\vs2022\PicoATE_CAN_CX.vcxproj", "{8B0CAC87-9E4C-383A-AA90-74651740A4B2}"
	ProjectSection(ProjectDependencies) = postProject
		{D2E8C1C1-1B2C-3054-ADA3-EE647150369D} = {D2E8C1C1-1B2C-3054-ADA3-EE647150369D}
	EndProjectSection
EndProject
Project("{8BC9CEB8-8B4A-11D0-8D11-00A0C91BC942}") = "PicoATE_CAN_GCAN", ".build\vs2022\PicoATE_CAN_GCAN.vcxproj", "{3F81CD6E-A03D-307F-951B-7476CF6697FF}"
	ProjectSection(ProjectDependencies) = postProject
		{D2E8C1C1-1B2C-3054-ADA3-EE647150369D} = {D2E8C1C1-1B2C-3054-ADA3-EE647150369D}
	EndProjectSection
EndProject
Project("{8BC9CEB8-8B4A-11D0-8D11-00A0C91BC942}") = "PicoATE_DMM_HDM3000", ".build\vs2022\PicoATE_DMM_HDM3000.vcxproj", "{EB0B0B39-71A2-37E4-A230-07F7075B2272}"
	ProjectSection(ProjectDependencies) = postProject
		{D2E8C1C1-1B2C-3054-ADA3-EE647150369D} = {D2E8C1C1-1B2C-3054-ADA3-EE647150369D}
	EndProjectSection
EndProject
Project("{8BC9CEB8-8B4A-11D0-8D11-00A0C91BC942}") = "PicoATE_DMM_KEYSIGHT34410A", ".build\vs2022\PicoATE_DMM_KEYSIGHT34410A.vcxproj", "{F8465836-34B5-3FAC-9E5D-62CA16FDBFA0}"
	ProjectSection(ProjectDependencies) = postProject
		{D2E8C1C1-1B2C-3054-ADA3-EE647150369D} = {D2E8C1C1-1B2C-3054-ADA3-EE647150369D}
	EndProjectSection
EndProject
Project("{8BC9CEB8-8B4A-11D0-8D11-00A0C91BC942}") = "PicoATE_PSU_KORAD", ".build\vs2022\PicoATE_PSU_KORAD.vcxproj", "{DE000524-0328-37E9-B006-A2A1A7FA10DF}"
	ProjectSection(ProjectDependencies) = postProject
		{D2E8C1C1-1B2C-3054-ADA3-EE647150369D} = {D2E8C1C1-1B2C-3054-ADA3-EE647150369D}
	EndProjectSection
EndProject
Project("{8BC9CEB8-8B4A-11D0-8D11-00A0C91BC942}") = "ZERO_CHECK", ".build\vs2022\ZERO_CHECK.vcxproj", "{D2E8C1C1-1B2C-3054-ADA3-EE647150369D}"
	ProjectSection(ProjectDependencies) = postProject
	EndProjectSection
EndProject
Global
	GlobalSection(SolutionConfigurationPlatforms) = preSolution
		Debug|x64 = Debug|x64
		Release|x64 = Release|x64
		MinSizeRel|x64 = MinSizeRel|x64
		RelWithDebInfo|x64 = RelWithDebInfo|x64
	EndGlobalSection
	GlobalSection(ProjectConfigurationPlatforms) = postSolution
		{1A3764F9-FBFF-39A6-84D0-F6A1484C1DEB}.Debug|x64.ActiveCfg = Debug|x64
		{1A3764F9-FBFF-39A6-84D0-F6A1484C1DEB}.Release|x64.ActiveCfg = Release|x64
		{1A3764F9-FBFF-39A6-84D0-F6A1484C1DEB}.MinSizeRel|x64.ActiveCfg = MinSizeRel|x64
		{1A3764F9-FBFF-39A6-84D0-F6A1484C1DEB}.RelWithDebInfo|x64.ActiveCfg = RelWithDebInfo|x64
		{8B0CAC87-9E4C-383A-AA90-74651740A4B2}.Debug|x64.ActiveCfg = Debug|x64
		{8B0CAC87-9E4C-383A-AA90-74651740A4B2}.Debug|x64.Build.0 = Debug|x64
		{8B0CAC87-9E4C-383A-AA90-74651740A4B2}.Release|x64.ActiveCfg = Release|x64
		{8B0CAC87-9E4C-383A-AA90-74651740A4B2}.Release|x64.Build.0 = Release|x64
		{8B0CAC87-9E4C-383A-AA90-74651740A4B2}.MinSizeRel|x64.ActiveCfg = MinSizeRel|x64
		{8B0CAC87-9E4C-383A-AA90-74651740A4B2}.MinSizeRel|x64.Build.0 = MinSizeRel|x64
		{8B0CAC87-9E4C-383A-AA90-74651740A4B2}.RelWithDebInfo|x64.ActiveCfg = RelWithDebInfo|x64
		{8B0CAC87-9E4C-383A-AA90-74651740A4B2}.RelWithDebInfo|x64.Build.0 = RelWithDebInfo|x64
		{3F81CD6E-A03D-307F-951B-7476CF6697FF}.Debug|x64.ActiveCfg = Debug|x64
		{3F81CD6E-A03D-307F-951B-7476CF6697FF}.Debug|x64.Build.0 = Debug|x64
		{3F81CD6E-A03D-307F-951B-7476CF6697FF}.Release|x64.ActiveCfg = Release|x64
		{3F81CD6E-A03D-307F-951B-7476CF6697FF}.Release|x64.Build.0 = Release|x64
		{3F81CD6E-A03D-307F-951B-7476CF6697FF}.MinSizeRel|x64.ActiveCfg = MinSizeRel|x64
		{3F81CD6E-A03D-307F-951B-7476CF6697FF}.MinSizeRel|x64.Build.0 = MinSizeRel|x64
		{3F81CD6E-A03D-307F-951B-7476CF6697FF}.RelWithDebInfo|x64.ActiveCfg = RelWithDebInfo|x64
		{3F81CD6E-A03D-307F-951B-7476CF6697FF}.RelWithDebInfo|x64.Build.0 = RelWithDebInfo|x64
		{EB0B0B39-71A2-37E4-A230-07F7075B2272}.Debug|x64.ActiveCfg = Debug|x64
		{EB0B0B39-71A2-37E4-A230-07F7075B2272}.Debug|x64.Build.0 = Debug|x64
		{EB0B0B39-71A2-37E4-A230-07F7075B2272}.Release|x64.ActiveCfg = Release|x64
		{EB0B0B39-71A2-37E4-A230-07F7075B2272}.Release|x64.Build.0 = Release|x64
		{EB0B0B39-71A2-37E4-A230-07F7075B2272}.MinSizeRel|x64.ActiveCfg = MinSizeRel|x64
		{EB0B0B39-71A2-37E4-A230-07F7075B2272}.MinSizeRel|x64.Build.0 = MinSizeRel|x64
		{EB0B0B39-71A2-37E4-A230-07F7075B2272}.RelWithDebInfo|x64.ActiveCfg = RelWithDebInfo|x64
		{EB0B0B39-71A2-37E4-A230-07F7075B2272}.RelWithDebInfo|x64.Build.0 = RelWithDebInfo|x64
		{F8465836-34B5-3FAC-9E5D-62CA16FDBFA0}.Debug|x64.ActiveCfg = Debug|x64
		{F8465836-34B5-3FAC-9E5D-62CA16FDBFA0}.Debug|x64.Build.0 = Debug|x64
		{F8465836-34B5-3FAC-9E5D-62CA16FDBFA0}.Release|x64.ActiveCfg = Release|x64
		{F8465836-34B5-3FAC-9E5D-62CA16FDBFA0}.Release|x64.Build.0 = Release|x64
		{F8465836-34B5-3FAC-9E5D-62CA16FDBFA0}.MinSizeRel|x64.ActiveCfg = MinSizeRel|x64
		{F8465836-34B5-3FAC-9E5D-62CA16FDBFA0}.MinSizeRel|x64.Build.0 = MinSizeRel|x64
		{F8465836-34B5-3FAC-9E5D-62CA16FDBFA0}.RelWithDebInfo|x64.ActiveCfg = RelWithDebInfo|x64
		{F8465836-34B5-3FAC-9E5D-62CA16FDBFA0}.RelWithDebInfo|x64.Build.0 = RelWithDebInfo|x64
		{DE000524-0328-37E9-B006-A2A1A7FA10DF}.Debug|x64.ActiveCfg = Debug|x64
		{DE000524-0328-37E9-B006-A2A1A7FA10DF}.Debug|x64.Build.0 = Debug|x64
		{DE000524-0328-37E9-B006-A2A1A7FA10DF}.Release|x64.ActiveCfg = Release|x64
		{DE000524-0328-37E9-B006-A2A1A7FA10DF}.Release|x64.Build.0 = Release|x64
		{DE000524-0328-37E9-B006-A2A1A7FA10DF}.MinSizeRel|x64.ActiveCfg = MinSizeRel|x64
		{DE000524-0328-37E9-B006-A2A1A7FA10DF}.MinSizeRel|x64.Build.0 = MinSizeRel|x64
		{DE000524-0328-37E9-B006-A2A1A7FA10DF}.RelWithDebInfo|x64.ActiveCfg = RelWithDebInfo|x64
		{DE000524-0328-37E9-B006-A2A1A7FA10DF}.RelWithDebInfo|x64.Build.0 = RelWithDebInfo|x64
		{D2E8C1C1-1B2C-3054-ADA3-EE647150369D}.Debug|x64.ActiveCfg = Debug|x64
		{D2E8C1C1-1B2C-3054-ADA3-EE647150369D}.Debug|x64.Build.0 = Debug|x64
		{D2E8C1C1-1B2C-3054-ADA3-EE647150369D}.Release|x64.ActiveCfg = Release|x64
		{D2E8C1C1-1B2C-3054-ADA3-EE647150369D}.Release|x64.Build.0 = Release|x64
		{D2E8C1C1-1B2C-3054-ADA3-EE647150369D}.MinSizeRel|x64.ActiveCfg = MinSizeRel|x64
		{D2E8C1C1-1B2C-3054-ADA3-EE647150369D}.MinSizeRel|x64.Build.0 = MinSizeRel|x64
		{D2E8C1C1-1B2C-3054-ADA3-EE647150369D}.RelWithDebInfo|x64.ActiveCfg = RelWithDebInfo|x64
		{D2E8C1C1-1B2C-3054-ADA3-EE647150369D}.RelWithDebInfo|x64.Build.0 = RelWithDebInfo|x64
	EndGlobalSection
	GlobalSection(NestedProjects) = preSolution
		{8B0CAC87-9E4C-383A-AA90-74651740A4B2} = {0850EE92-1B72-3AE5-B13C-EC56A1D89749}
		{3F81CD6E-A03D-307F-951B-7476CF6697FF} = {0850EE92-1B72-3AE5-B13C-EC56A1D89749}
		{1A3764F9-FBFF-39A6-84D0-F6A1484C1DEB} = {CABBB8AD-FF62-3A40-BBF8-42C9D15B1727}
		{D2E8C1C1-1B2C-3054-ADA3-EE647150369D} = {CABBB8AD-FF62-3A40-BBF8-42C9D15B1727}
		{EB0B0B39-71A2-37E4-A230-07F7075B2272} = {D804364E-E6B1-3ADA-B1E2-49D9B74199B2}
		{F8465836-34B5-3FAC-9E5D-62CA16FDBFA0} = {D804364E-E6B1-3ADA-B1E2-49D9B74199B2}
		{DE000524-0328-37E9-B006-A2A1A7FA10DF} = {C8591226-D046-35C7-9D8C-110A952384F5}
	EndGlobalSection
	GlobalSection(ExtensibilityGlobals) = postSolution
		SolutionGuid = {CF8FD120-14BE-34A4-804E-13B906F70153}
	EndGlobalSection
	GlobalSection(ExtensibilityAddIns) = postSolution
	EndGlobalSection
EndGlobal

